{
  "name": "mini",
  "lockfileVersion": 2,
  "requires": true,
  "packages": {
    "": {
      "dependencies": {
        "dingtalk-jsapi": "^3.0.12",
        "moment": "^2.29.1",
        "uview-ui": "^1.7.3"
      }
    },
    "node_modules/dingtalk-jsapi": {
      "version": "3.0.12",
      "resolved": "https://registry.npmmirror.com/dingtalk-jsapi/-/dingtalk-jsapi-3.0.12.tgz",
      "integrity": "sha512-vSP5fGuSthytrIYsN9ITa4DIO5h0bhIIKmcIYIRdvHN0brhzn1IX3hkFtNNNnjg6+u+pHWT8bKH/PRheWIhOLQ==",
      "dependencies": {
        "promise-polyfill": "^7.1.0"
      }
    },
    "node_modules/moment": {
      "version": "2.29.4",
      "resolved": "https://registry.npmmirror.com/moment/-/moment-2.29.4.tgz",
      "integrity": "sha512-5LC9SOxjSc2HF6vO2CyuTDNivEdoz2IvyJJGj6X8DJ0eFyfszE0QiEd+iXmBvUP3WHxSjFH/vIsA0EN00cgr8w==",
      "engines": {
        "node": "*"
      }
    },
    "node_modules/promise-polyfill": {
      "version": "7.1.2",
      "resolved": "https://registry.npmmirror.com/promise-polyfill/-/promise-polyfill-7.1.2.tgz",
      "integrity": "sha512-FuEc12/eKqqoRYIGBrUptCBRhobL19PS2U31vMNTfyck1FxPyMfgsXyW4Mav85y/ZN1hop3hOwRlUDok23oYfQ=="
    },
    "node_modules/uview-ui": {
      "version": "1.8.6",
      "resolved": "https://registry.npmmirror.com/uview-ui/-/uview-ui-1.8.6.tgz",
      "integrity": "sha512-R93WU6htCP2Fpw668ABpF7Y8UqIx66pUKGAwBYLDkbnIldyKWkjtfJzqjFm22tF41ty6FVB+82L+gIL775c5LQ=="
    }
  },
  "dependencies": {
    "dingtalk-jsapi": {
      "version": "3.0.12",
      "resolved": "https://registry.npmmirror.com/dingtalk-jsapi/-/dingtalk-jsapi-3.0.12.tgz",
      "integrity": "sha512-vSP5fGuSthytrIYsN9ITa4DIO5h0bhIIKmcIYIRdvHN0brhzn1IX3hkFtNNNnjg6+u+pHWT8bKH/PRheWIhOLQ==",
      "requires": {
        "promise-polyfill": "^7.1.0"
      }
    },
    "moment": {
      "version": "2.29.4",
      "resolved": "https://registry.npmmirror.com/moment/-/moment-2.29.4.tgz",
      "integrity": "sha512-5LC9SOxjSc2HF6vO2CyuTDNivEdoz2IvyJJGj6X8DJ0eFyfszE0QiEd+iXmBvUP3WHxSjFH/vIsA0EN00cgr8w=="
    },
    "promise-polyfill": {
      "version": "7.1.2",
      "resolved": "https://registry.npmmirror.com/promise-polyfill/-/promise-polyfill-7.1.2.tgz",
      "integrity": "sha512-FuEc12/eKqqoRYIGBrUptCBRhobL19PS2U31vMNTfyck1FxPyMfgsXyW4Mav85y/ZN1hop3hOwRlUDok23oYfQ=="
    },
    "uview-ui": {
      "version": "1.8.6",
      "resolved": "https://registry.npmmirror.com/uview-ui/-/uview-ui-1.8.6.tgz",
      "integrity": "sha512-R93WU6htCP2Fpw668ABpF7Y8UqIx66pUKGAwBYLDkbnIldyKWkjtfJzqjFm22tF41ty6FVB+82L+gIL775c5LQ=="
    }
  }
}
